
Microsoft Visual Studio Solution File, Format Version 12.00
# Visual Studio Version 16
VisualStudioVersion = 16.0.31205.134
MinimumVisualStudioVersion = 10.0.40219.1
Project("{FAE04EC0-301F-11D3-BF4B-00C04F79EFBC}") = "armenyanin", "armenyanin\armenyanin.csproj", "{B7C77168-3808-47F4-A87F-4A7AE8DD402C}"
EndProject
Global
	GlobalSection(SolutionConfigurationPlatforms) = preSolution
		Debug|Any CPU = Debug|Any CPU
		Release|Any CPU = Release|Any CPU
	EndGlobalSection
	GlobalSection(ProjectConfigurationPlatforms) = postSolution
		{B7C77168-3808-47F4-A87F-4A7AE8DD402C}.Debug|Any CPU.ActiveCfg = Debug|Any CPU
		{B7C77168-3808-47F4-A87F-4A7AE8DD402C}.Debug|Any CPU.Build.0 = Debug|Any CPU
		{B7C77168-3808-47F4-A87F-4A7AE8DD402C}.Release|Any CPU.ActiveCfg = Release|Any CPU
		{B7C77168-3808-47F4-A87F-4A7AE8DD402C}.Release|Any CPU.Build.0 = Release|Any CPU
	EndGlobalSection
	GlobalSection(SolutionProperties) = preSolution
		HideSolutionNode = FALSE
	EndGlobalSection
	GlobalSection(ExtensibilityGlobals) = postSolution
		SolutionGuid = {8ACF2699-0135-4CF5-89B3-261A4C7A2213}
	EndGlobalSection
EndGlobal
